
Microsoft Visual Studio Solution File, Format Version 12.00
# Visual Studio Version 17
VisualStudioVersion = 17.5.33516.290
MinimumVisualStudioVersion = 10.0.40219.1
Project("{2150E333-8FDC-42A3-9474-1A3956D46DE8}") = "Microservices", "Microservices", "{14E80883-4504-4CF5-BF24-9CBEA43E5815}"
EndProject
Project("{9A19103F-16F7-4668-BE54-9A1E7A4F7556}") = "MTIT.Supplier.Mobile", "MTIT.Supplier.Mobile\MTIT.Supplier.Mobile.csproj", "{68D95AB6-55B4-4611-83CA-4F8764FCB71D}"
EndProject
Project("{9A19103F-16F7-4668-BE54-9A1E7A4F7556}") = "MTIT.Manager", "MTIT.Manager\MTIT.Manager.csproj", "{7D1785B7-AF9A-4999-9949-334EE9B41F0B}"
EndProject
Project("{9A19103F-16F7-4668-BE54-9A1E7A4F7556}") = "MTIT.Ocelote", "MTIT.Ocelote\MTIT.Ocelote.csproj", "{68EFF55D-1439-459D-97F3-6CC3559FC561}"
EndProject
Project("{FAE04EC0-301F-11D3-BF4B-00C04F79EFBC}") = "MTIT.Transport", "MTIT.Transport\MTIT.Transport.csproj", "{157D6712-4C9A-460A-B0B5-04483DD18139}"
EndProject
Global
	GlobalSection(SolutionConfigurationPlatforms) = preSolution
		Debug|Any CPU = Debug|Any CPU
		Release|Any CPU = Release|Any CPU
	EndGlobalSection
	GlobalSection(ProjectConfigurationPlatforms) = postSolution
		{68D95AB6-55B4-4611-83CA-4F8764FCB71D}.Debug|Any CPU.ActiveCfg = Debug|Any CPU
		{68D95AB6-55B4-4611-83CA-4F8764FCB71D}.Debug|Any CPU.Build.0 = Debug|Any CPU
		{68D95AB6-55B4-4611-83CA-4F8764FCB71D}.Release|Any CPU.ActiveCfg = Release|Any CPU
		{68D95AB6-55B4-4611-83CA-4F8764FCB71D}.Release|Any CPU.Build.0 = Release|Any CPU
		{7D1785B7-AF9A-4999-9949-334EE9B41F0B}.Debug|Any CPU.ActiveCfg = Debug|Any CPU
		{7D1785B7-AF9A-4999-9949-334EE9B41F0B}.Debug|Any CPU.Build.0 = Debug|Any CPU
		{7D1785B7-AF9A-4999-9949-334EE9B41F0B}.Release|Any CPU.ActiveCfg = Release|Any CPU
		{7D1785B7-AF9A-4999-9949-334EE9B41F0B}.Release|Any CPU.Build.0 = Release|Any CPU
		{68EFF55D-1439-459D-97F3-6CC3559FC561}.Debug|Any CPU.ActiveCfg = Debug|Any CPU
		{68EFF55D-1439-459D-97F3-6CC3559FC561}.Debug|Any CPU.Build.0 = Debug|Any CPU
		{68EFF55D-1439-459D-97F3-6CC3559FC561}.Release|Any CPU.ActiveCfg = Release|Any CPU
		{68EFF55D-1439-459D-97F3-6CC3559FC561}.Release|Any CPU.Build.0 = Release|Any CPU
		{157D6712-4C9A-460A-B0B5-04483DD18139}.Debug|Any CPU.ActiveCfg = Debug|Any CPU
		{157D6712-4C9A-460A-B0B5-04483DD18139}.Debug|Any CPU.Build.0 = Debug|Any CPU
		{157D6712-4C9A-460A-B0B5-04483DD18139}.Release|Any CPU.ActiveCfg = Release|Any CPU
		{157D6712-4C9A-460A-B0B5-04483DD18139}.Release|Any CPU.Build.0 = Release|Any CPU
	EndGlobalSection
	GlobalSection(SolutionProperties) = preSolution
		HideSolutionNode = FALSE
	EndGlobalSection
	GlobalSection(NestedProjects) = preSolution
		{68D95AB6-55B4-4611-83CA-4F8764FCB71D} = {14E80883-4504-4CF5-BF24-9CBEA43E5815}
		{7D1785B7-AF9A-4999-9949-334EE9B41F0B} = {14E80883-4504-4CF5-BF24-9CBEA43E5815}
		{68EFF55D-1439-459D-97F3-6CC3559FC561} = {14E80883-4504-4CF5-BF24-9CBEA43E5815}
		{157D6712-4C9A-460A-B0B5-04483DD18139} = {14E80883-4504-4CF5-BF24-9CBEA43E5815}
	EndGlobalSection
	GlobalSection(ExtensibilityGlobals) = postSolution
		SolutionGuid = {0B28DC38-B48B-4311-AEDE-94FA96D232AB}
	EndGlobalSection
EndGlobal
